
Microsoft Visual Studio Solution File, Format Version 12.00
# Visual Studio Version 17
VisualStudioVersion = 17.4.33110.190
MinimumVisualStudioVersion = 10.0.40219.1
Project("{9A19103F-16F7-4668-BE54-9A1E7A4F7556}") = "test_task.api", "test_task\test_task.api.csproj", "{3074247E-3513-4A51-AE01-67CC8515992A}"
EndProject
Project("{FAE04EC0-301F-11D3-BF4B-00C04F79EFBC}") = "рroviders.fake.api", "рroviders.fake.api\рroviders.fake.api.csproj", "{9D8E4428-3FEC-43FD-82F5-55F6EAF468FB}"
EndProject
Global
	GlobalSection(SolutionConfigurationPlatforms) = preSolution
		Debug|Any CPU = Debug|Any CPU
		Release|Any CPU = Release|Any CPU
	EndGlobalSection
	GlobalSection(ProjectConfigurationPlatforms) = postSolution
		{3074247E-3513-4A51-AE01-67CC8515992A}.Debug|Any CPU.ActiveCfg = Debug|Any CPU
		{3074247E-3513-4A51-AE01-67CC8515992A}.Debug|Any CPU.Build.0 = Debug|Any CPU
		{3074247E-3513-4A51-AE01-67CC8515992A}.Release|Any CPU.ActiveCfg = Release|Any CPU
		{3074247E-3513-4A51-AE01-67CC8515992A}.Release|Any CPU.Build.0 = Release|Any CPU
		{9D8E4428-3FEC-43FD-82F5-55F6EAF468FB}.Debug|Any CPU.ActiveCfg = Debug|Any CPU
		{9D8E4428-3FEC-43FD-82F5-55F6EAF468FB}.Debug|Any CPU.Build.0 = Debug|Any CPU
		{9D8E4428-3FEC-43FD-82F5-55F6EAF468FB}.Release|Any CPU.ActiveCfg = Release|Any CPU
		{9D8E4428-3FEC-43FD-82F5-55F6EAF468FB}.Release|Any CPU.Build.0 = Release|Any CPU
	EndGlobalSection
	GlobalSection(SolutionProperties) = preSolution
		HideSolutionNode = FALSE
	EndGlobalSection
	GlobalSection(ExtensibilityGlobals) = postSolution
		SolutionGuid = {5D6F6EB1-54C3-4E1E-BC3F-95832879E678}
	EndGlobalSection
EndGlobal
